
Microsoft Visual Studio Solution File, Format Version 12.00
# Visual Studio 15
VisualStudioVersion = 15.0.26430.4
MinimumVisualStudioVersion = 10.0.40219.1
Project("{FAE04EC0-301F-11D3-BF4B-00C04F79EFBC}") = "WeaponAssemblage", "WeaponAssemblage\WeaponAssemblage.csproj", "{F8E56BD7-28CF-4A06-985C-472784A8715F}"
	ProjectSection(ProjectDependencies) = postProject
		{6333A4C4-35F0-456B-8EF9-BC1875D2C714} = {6333A4C4-35F0-456B-8EF9-BC1875D2C714}
	EndProjectSection
EndProject
Project("{FAE04EC0-301F-11D3-BF4B-00C04F79EFBC}") = "AI", "AI\AI.csproj", "{99EC4DB7-FB2E-4678-9A16-C38E33C87658}"
EndProject
Project("{FAE04EC0-301F-11D3-BF4B-00C04F79EFBC}") = "UnityUtility", "UnityUtility\UnityUtility.csproj", "{6333A4C4-35F0-456B-8EF9-BC1875D2C714}"
EndProject
Project("{FAE04EC0-301F-11D3-BF4B-00C04F79EFBC}") = "UnityUtility.Editor", "UnityUtility.Editor\UnityUtility.Editor.csproj", "{403319BF-C55C-47C0-A921-6581774B4A08}"
EndProject
Project("{FAE04EC0-301F-11D3-BF4B-00C04F79EFBC}") = "WeaponAssemblage.Editor", "WeaponAssemblage.Editor\WeaponAssemblage.Editor.csproj", "{4D5589C1-550D-48F5-99BD-46180F3E9E8B}"
EndProject
Global
	GlobalSection(SolutionConfigurationPlatforms) = preSolution
		Debug|Any CPU = Debug|Any CPU
		Release|Any CPU = Release|Any CPU
	EndGlobalSection
	GlobalSection(ProjectConfigurationPlatforms) = postSolution
		{F8E56BD7-28CF-4A06-985C-472784A8715F}.Debug|Any CPU.ActiveCfg = Debug|Any CPU
		{F8E56BD7-28CF-4A06-985C-472784A8715F}.Debug|Any CPU.Build.0 = Debug|Any CPU
		{F8E56BD7-28CF-4A06-985C-472784A8715F}.Release|Any CPU.ActiveCfg = Release|Any CPU
		{F8E56BD7-28CF-4A06-985C-472784A8715F}.Release|Any CPU.Build.0 = Release|Any CPU
		{99EC4DB7-FB2E-4678-9A16-C38E33C87658}.Debug|Any CPU.ActiveCfg = Debug|Any CPU
		{99EC4DB7-FB2E-4678-9A16-C38E33C87658}.Debug|Any CPU.Build.0 = Debug|Any CPU
		{99EC4DB7-FB2E-4678-9A16-C38E33C87658}.Release|Any CPU.ActiveCfg = Release|Any CPU
		{99EC4DB7-FB2E-4678-9A16-C38E33C87658}.Release|Any CPU.Build.0 = Release|Any CPU
		{6333A4C4-35F0-456B-8EF9-BC1875D2C714}.Debug|Any CPU.ActiveCfg = Debug|Any CPU
		{6333A4C4-35F0-456B-8EF9-BC1875D2C714}.Debug|Any CPU.Build.0 = Debug|Any CPU
		{6333A4C4-35F0-456B-8EF9-BC1875D2C714}.Release|Any CPU.ActiveCfg = Release|Any CPU
		{6333A4C4-35F0-456B-8EF9-BC1875D2C714}.Release|Any CPU.Build.0 = Release|Any CPU
		{403319BF-C55C-47C0-A921-6581774B4A08}.Debug|Any CPU.ActiveCfg = Debug|Any CPU
		{403319BF-C55C-47C0-A921-6581774B4A08}.Debug|Any CPU.Build.0 = Debug|Any CPU
		{403319BF-C55C-47C0-A921-6581774B4A08}.Release|Any CPU.ActiveCfg = Release|Any CPU
		{403319BF-C55C-47C0-A921-6581774B4A08}.Release|Any CPU.Build.0 = Release|Any CPU
		{4D5589C1-550D-48F5-99BD-46180F3E9E8B}.Debug|Any CPU.ActiveCfg = Debug|Any CPU
		{4D5589C1-550D-48F5-99BD-46180F3E9E8B}.Debug|Any CPU.Build.0 = Debug|Any CPU
		{4D5589C1-550D-48F5-99BD-46180F3E9E8B}.Release|Any CPU.ActiveCfg = Release|Any CPU
		{4D5589C1-550D-48F5-99BD-46180F3E9E8B}.Release|Any CPU.Build.0 = Release|Any CPU
	EndGlobalSection
	GlobalSection(SolutionProperties) = preSolution
		HideSolutionNode = FALSE
	EndGlobalSection
EndGlobal
